
Microsoft Visual Studio Solution File, Format Version 12.00
# Visual Studio Version 16
VisualStudioVersion = 16.0.30717.126
MinimumVisualStudioVersion = 10.0.40219.1
Project("{FAE04EC0-301F-11D3-BF4B-00C04F79EFBC}") = "PIS_2", "PIS_2\PIS_2.csproj", "{B541E324-FA74-44C9-A8E7-0C3C57C5AE1D}"
EndProject
Global
	GlobalSection(SolutionConfigurationPlatforms) = preSolution
		Debug|Any CPU = Debug|Any CPU
		Release|Any CPU = Release|Any CPU
	EndGlobalSection
	GlobalSection(ProjectConfigurationPlatforms) = postSolution
		{B541E324-FA74-44C9-A8E7-0C3C57C5AE1D}.Debug|Any CPU.ActiveCfg = Debug|Any CPU
		{B541E324-FA74-44C9-A8E7-0C3C57C5AE1D}.Debug|Any CPU.Build.0 = Debug|Any CPU
		{B541E324-FA74-44C9-A8E7-0C3C57C5AE1D}.Release|Any CPU.ActiveCfg = Release|Any CPU
		{B541E324-FA74-44C9-A8E7-0C3C57C5AE1D}.Release|Any CPU.Build.0 = Release|Any CPU
	EndGlobalSection
	GlobalSection(SolutionProperties) = preSolution
		HideSolutionNode = FALSE
	EndGlobalSection
	GlobalSection(ExtensibilityGlobals) = postSolution
		SolutionGuid = {AEFCA7DD-2BA3-43A9-A857-C3A750A24798}
	EndGlobalSection
EndGlobal
